
Microsoft Visual Studio Solution File, Format Version 12.00
Project("{FAE04EC0-301F-11D3-BF4B-00C04F79EFBC}") = "IDAPro", "IDAPro.csproj", "{FFD2E7C5-AB98-4DBF-B70C-4B6DBC178318}"
EndProject
Global
	GlobalSection(SolutionConfigurationPlatforms) = preSolution
		Debug|Any CPU = Debug|Any CPU
		Release|Any CPU = Release|Any CPU
	EndGlobalSection
	GlobalSection(ProjectConfigurationPlatforms) = postSolution
		{FFD2E7C5-AB98-4DBF-B70C-4B6DBC178318}.Debug|Any CPU.ActiveCfg = Debug|Any CPU
		{FFD2E7C5-AB98-4DBF-B70C-4B6DBC178318}.Debug|Any CPU.Build.0 = Debug|Any CPU
		{FFD2E7C5-AB98-4DBF-B70C-4B6DBC178318}.Release|Any CPU.ActiveCfg = Release|Any CPU
		{FFD2E7C5-AB98-4DBF-B70C-4B6DBC178318}.Release|Any CPU.Build.0 = Release|Any CPU
	EndGlobalSection
EndGlobal
